
Microsoft Visual Studio Solution File, Format Version 12.00
# Visual Studio Version 17
VisualStudioVersion = 17.14.36408.4 d17.14
MinimumVisualStudioVersion = 10.0.40219.1
Project("{FAE04EC0-301F-11D3-BF4B-00C04F79EFBC}") = "GrigoriqzErshovKt-31-23", "GrigoriqzErshovKt-31-23\GrigoriqzErshovKt-31-23.csproj", "{B17E5AB6-1BEA-4621-BDB5-E9264A9C5D86}"
EndProject
Global
	GlobalSection(SolutionConfigurationPlatforms) = preSolution
		Debug|Any CPU = Debug|Any CPU
		Release|Any CPU = Release|Any CPU
	EndGlobalSection
	GlobalSection(ProjectConfigurationPlatforms) = postSolution
		{B17E5AB6-1BEA-4621-BDB5-E9264A9C5D86}.Debug|Any CPU.ActiveCfg = Debug|Any CPU
		{B17E5AB6-1BEA-4621-BDB5-E9264A9C5D86}.Debug|Any CPU.Build.0 = Debug|Any CPU
		{B17E5AB6-1BEA-4621-BDB5-E9264A9C5D86}.Release|Any CPU.ActiveCfg = Release|Any CPU
		{B17E5AB6-1BEA-4621-BDB5-E9264A9C5D86}.Release|Any CPU.Build.0 = Release|Any CPU
	EndGlobalSection
	GlobalSection(SolutionProperties) = preSolution
		HideSolutionNode = FALSE
	EndGlobalSection
	GlobalSection(ExtensibilityGlobals) = postSolution
		SolutionGuid = {45ACD949-DA3B-4DCD-AC84-7EE208601F3C}
	EndGlobalSection
EndGlobal
